
Microsoft Visual Studio Solution File, Format Version 12.00
# Visual Studio Version 17
VisualStudioVersion = 17.8.34408.163
MinimumVisualStudioVersion = 10.0.40219.1
Project("{FAE04EC0-301F-11D3-BF4B-00C04F79EFBC}") = "Gem_Hunter_Game", "Gem_Hunter_Game\Gem_Hunter_Game.csproj", "{66F130F2-58F3-4022-8EFF-14B1580500DB}"
EndProject
Global
	GlobalSection(SolutionConfigurationPlatforms) = preSolution
		Debug|Any CPU = Debug|Any CPU
		Release|Any CPU = Release|Any CPU
	EndGlobalSection
	GlobalSection(ProjectConfigurationPlatforms) = postSolution
		{66F130F2-58F3-4022-8EFF-14B1580500DB}.Debug|Any CPU.ActiveCfg = Debug|Any CPU
		{66F130F2-58F3-4022-8EFF-14B1580500DB}.Debug|Any CPU.Build.0 = Debug|Any CPU
		{66F130F2-58F3-4022-8EFF-14B1580500DB}.Release|Any CPU.ActiveCfg = Release|Any CPU
		{66F130F2-58F3-4022-8EFF-14B1580500DB}.Release|Any CPU.Build.0 = Release|Any CPU
	EndGlobalSection
	GlobalSection(SolutionProperties) = preSolution
		HideSolutionNode = FALSE
	EndGlobalSection
	GlobalSection(ExtensibilityGlobals) = postSolution
		SolutionGuid = {A6468834-170D-4FA2-AF54-A41B16BC4A8D}
	EndGlobalSection
EndGlobal
